
Microsoft Visual Studio Solution File, Format Version 12.00
# Visual Studio Version 17
VisualStudioVersion = 17.5.33502.453
MinimumVisualStudioVersion = 10.0.40219.1
Project("{FAE04EC0-301F-11D3-BF4B-00C04F79EFBC}") = "TestCarAPI", "TestCarAPI\TestCarAPI.csproj", "{088256B9-3C7A-4D68-A27B-A6864A370506}"
EndProject
Global
	GlobalSection(SolutionConfigurationPlatforms) = preSolution
		Debug|Any CPU = Debug|Any CPU
		Release|Any CPU = Release|Any CPU
	EndGlobalSection
	GlobalSection(ProjectConfigurationPlatforms) = postSolution
		{088256B9-3C7A-4D68-A27B-A6864A370506}.Debug|Any CPU.ActiveCfg = Debug|Any CPU
		{088256B9-3C7A-4D68-A27B-A6864A370506}.Debug|Any CPU.Build.0 = Debug|Any CPU
		{088256B9-3C7A-4D68-A27B-A6864A370506}.Release|Any CPU.ActiveCfg = Release|Any CPU
		{088256B9-3C7A-4D68-A27B-A6864A370506}.Release|Any CPU.Build.0 = Release|Any CPU
	EndGlobalSection
	GlobalSection(SolutionProperties) = preSolution
		HideSolutionNode = FALSE
	EndGlobalSection
	GlobalSection(ExtensibilityGlobals) = postSolution
		SolutionGuid = {0C3661D4-EA17-4194-9C9B-466EBF719803}
	EndGlobalSection
EndGlobal
